PODS:
  - AMPopTip (3.5.0)
  - ButtonWheel (0.1.1)
  - CountdownLabel (4.0.1)
  - Floaty (4.1.0)
  - Kingfisher (4.10.0)
  - Reusable (4.0.3):
    - Reusable/Storyboard (= 4.0.3)
    - Reusable/View (= 4.0.3)
  - Reusable/Storyboard (4.0.3)
  - Reusable/View (4.0.3)
  - SDWebImage (4.4.2):
    - SDWebImage/Core (= 4.4.2)
  - SDWebImage/Core (4.4.2)
  - SQLite.swift (0.11.5):
    - SQLite.swift/standard (= 0.11.5)
  - SQLite.swift/standard (0.11.5)
  - SwiftCharts (0.6.3)
  - SwiftyButton (0.8.2)

DEPENDENCIES:
  - AMPopTip
  - ButtonWheel
  - CountdownLabel (~> 4.0)
  - Floaty
  - Kingfisher
  - Reusable
  - SDWebImage
  - SQLite.swift
  - SwiftCharts
  - SwiftyButton

SPEC REPOS:
  https://github.com/cocoapods/specs.git:
    - AMPopTip
    - ButtonWheel
    - CountdownLabel
    - Floaty
    - Kingfisher
    - Reusable
    - SDWebImage
    - SQLite.swift
    - SwiftCharts
    - SwiftyButton

SPEC CHECKSUMS:
  AMPopTip: 871ae0570b68fe396e714922b3f7d8ed6a36bb71
  ButtonWheel: 24afd7055da6548aaf5c7d40f9ea2e1b3eade706
  CountdownLabel: c9975e3f329140b5e7d1f45cd63b1300badd1712
  Floaty: 1a4e213f3512cf3045ef9cb0c1ff456226d1f66a
  Kingfisher: 43c4b802d8b5256cf1f4379e9cd10b329be6d3e2
  Reusable: 12b67a60e1f3e8c523cc910795dab733f58fbc7e
  SDWebImage: 624d6e296c69b244bcede364c72ae0430ac14681
  SQLite.swift: 6e5356850bb1791459f8c16d6ee9195b28714a2e
  SwiftCharts: 1535b5e228702af2c9c4d60c2a408f2f0f579fa8
  SwiftyButton: 5b0ef314e9cf61cf8a83e456ddd1ea1f53f30598

PODFILE CHECKSUM: eebcaf0ec33af1767e3241d20a48174a7f7c08ba

COCOAPODS: 1.5.3
