PODS:
  - AMPopTip (3.5.0)
  - ApiAI (0.7.2):
    - ApiAI/AudioFileConverter (= 0.7.2)
    - ApiAI/Core (= 0.7.2)
    - ApiAI/Events (= 0.7.2)
    - ApiAI/ResponseMapping (= 0.7.2)
    - ApiAI/UIKit (= 0.7.2)
    - ApiAI/UserEntities (= 0.7.2)
    - ApiAI/VoiceFileRequest (= 0.7.2)
    - ApiAI/VoiceRequest (= 0.7.2)
  - ApiAI/AudioFileConverter (0.7.2):
    - ApiAI/Core
  - ApiAI/Core (0.7.2)
  - ApiAI/Events (0.7.2):
    - ApiAI/Core
  - ApiAI/ResponseMapping (0.7.2):
    - ApiAI/Core
  - ApiAI/UIKit (0.7.2):
    - ApiAI/Core
    - ApiAI/VoiceRequest
  - ApiAI/UserEntities (0.7.2):
    - ApiAI/Core
  - ApiAI/VoiceFileRequest (0.7.2):
    - ApiAI/Core
  - ApiAI/VoiceRequest (0.7.2):
    - ApiAI/Core
  - ButtonWheel (0.1.1)
  - CountdownLabel (4.0.1)
  - Floaty (4.1.0)
  - JYRadarChart (0.4.0)
  - Kingfisher (4.10.0)
  - Reusable (4.0.3):
    - Reusable/Storyboard (= 4.0.3)
    - Reusable/View (= 4.0.3)
  - Reusable/Storyboard (4.0.3)
  - Reusable/View (4.0.3)
  - SDWebImage (4.4.2):
    - SDWebImage/Core (= 4.4.2)
  - SDWebImage/Core (4.4.2)
  - SQLite.swift (0.11.5):
    - SQLite.swift/standard (= 0.11.5)
  - SQLite.swift/standard (0.11.5)
  - SwiftCharts (0.6.3)
  - SwiftyButton (0.8.2)
  - "UITextField+Shake (1.2.1)"

DEPENDENCIES:
  - AMPopTip
  - ApiAI
  - ButtonWheel
  - CountdownLabel (~> 4.0)
  - Floaty
  - JYRadarChart
  - Kingfisher
  - Reusable
  - SDWebImage
  - SQLite.swift
  - SwiftCharts
  - SwiftyButton
  - "UITextField+Shake"

SPEC REPOS:
  https://github.com/cocoapods/specs.git:
    - AMPopTip
    - ApiAI
    - ButtonWheel
    - CountdownLabel
    - Floaty
    - JYRadarChart
    - Kingfisher
    - Reusable
    - SDWebImage
    - SQLite.swift
    - SwiftCharts
    - SwiftyButton
    - "UITextField+Shake"

SPEC CHECKSUMS:
  AMPopTip: 871ae0570b68fe396e714922b3f7d8ed6a36bb71
  ApiAI: d4b49d3736f33ce6f3ef66dc33c0e0fccb23579e
  ButtonWheel: 24afd7055da6548aaf5c7d40f9ea2e1b3eade706
  CountdownLabel: c9975e3f329140b5e7d1f45cd63b1300badd1712
  Floaty: 1a4e213f3512cf3045ef9cb0c1ff456226d1f66a
  JYRadarChart: 3e96b2696a0f3ba6a419f162edcfb5e97317cc8c
  Kingfisher: 43c4b802d8b5256cf1f4379e9cd10b329be6d3e2
  Reusable: 12b67a60e1f3e8c523cc910795dab733f58fbc7e
  SDWebImage: 624d6e296c69b244bcede364c72ae0430ac14681
  SQLite.swift: 6e5356850bb1791459f8c16d6ee9195b28714a2e
  SwiftCharts: 1535b5e228702af2c9c4d60c2a408f2f0f579fa8
  SwiftyButton: 5b0ef314e9cf61cf8a83e456ddd1ea1f53f30598
  "UITextField+Shake": 298ac5a0f239d731bdab999b19b628c956ca0ac3

PODFILE CHECKSUM: 4cffb875e836105fb61b8a828c030277931bc265

COCOAPODS: 1.5.3
