// !$*UTF8*$!
{
	archiveVersion = 1;
	classes = {
	};
	objectVersion = 50;
	objects = {

/* Begin PBXBuildFile section */
		086ABA87217631B900F5FE57 /* ChooseDifficultyViewController.swift in Sources */ = {isa = PBXBuildFile; fileRef = 086ABA86217631B900F5FE57 /* ChooseDifficultyViewController.swift */; };
		086ABA8921763F9800F5FE57 /* StartViewController.swift in Sources */ = {isa = PBXBuildFile; fileRef = 086ABA8821763F9800F5FE57 /* StartViewController.swift */; };
		08838DA3217B23B0005D238D /* a.gif in Resources */ = {isa = PBXBuildFile; fileRef = 08838DA2217B23B0005D238D /* a.gif */; };
		08838DA5217B257D005D238D /* burn.gif in Resources */ = {isa = PBXBuildFile; fileRef = 08838DA4217B257D005D238D /* burn.gif */; };
		08838DA7217B2C23005D238D /* AnswerLv1ViewController.swift in Sources */ = {isa = PBXBuildFile; fileRef = 08838DA6217B2C23005D238D /* AnswerLv1ViewController.swift */; };
		08838DAA217B2C9F005D238D /* CountdownView.xib in Resources */ = {isa = PBXBuildFile; fileRef = 08838DA9217B2C9F005D238D /* CountdownView.xib */; };
		08838DAC217B2D23005D238D /* CountdownView.swift in Sources */ = {isa = PBXBuildFile; fileRef = 08838DAB217B2D22005D238D /* CountdownView.swift */; };
		088B558D217784A60061FF63 /* DoAnDB.db in Resources */ = {isa = PBXBuildFile; fileRef = 088B558C217784A60061FF63 /* DoAnDB.db */; };
		08AFD7E0216F92C50096800C /* AppDelegate.swift in Sources */ = {isa = PBXBuildFile; fileRef = 08AFD7DF216F92C50096800C /* AppDelegate.swift */; };
		08AFD7E5216F92C50096800C /* Main.storyboard in Resources */ = {isa = PBXBuildFile; fileRef = 08AFD7E3216F92C50096800C /* Main.storyboard */; };
		08AFD7E7216F92C70096800C /* Assets.xcassets in Resources */ = {isa = PBXBuildFile; fileRef = 08AFD7E6216F92C70096800C /* Assets.xcassets */; };
		08AFD7EA216F92C70096800C /* LaunchScreen.storyboard in Resources */ = {isa = PBXBuildFile; fileRef = 08AFD7E8216F92C70096800C /* LaunchScreen.storyboard */; };
		08B70FCD2174D7CE00649682 /* ChooseTopicViewController.swift in Sources */ = {isa = PBXBuildFile; fileRef = 08B70FCC2174D7CE00649682 /* ChooseTopicViewController.swift */; };
		08B70FDA2174DE4000649682 /* Topic.swift in Sources */ = {isa = PBXBuildFile; fileRef = 08B70FD92174DE4000649682 /* Topic.swift */; };
		781D99E9462EF381DFA9C263 /* Pods_Englishor.framework in Frameworks */ = {isa = PBXBuildFile; fileRef = A8CA825EC59E8DA38C9C5B2E /* Pods_Englishor.framework */; };
		B6067617217EC2250099BA43 /* Lv5ViewController.swift in Sources */ = {isa = PBXBuildFile; fileRef = B6067616217EC2250099BA43 /* Lv5ViewController.swift */; };
		B6067619217EC3530099BA43 /* ResultViewController.swift in Sources */ = {isa = PBXBuildFile; fileRef = B6067618217EC3530099BA43 /* ResultViewController.swift */; };
		B60BD4DA2179C21F0044046C /* QuestionLv2.swift in Sources */ = {isa = PBXBuildFile; fileRef = B60BD4D92179C21F0044046C /* QuestionLv2.swift */; };
		B60BD4DC2179C3380044046C /* DatabaseManager.swift in Sources */ = {isa = PBXBuildFile; fileRef = B60BD4DB2179C3380044046C /* DatabaseManager.swift */; };
		B60BD4DE2179C5380044046C /* Answer.swift in Sources */ = {isa = PBXBuildFile; fileRef = B60BD4DD2179C5380044046C /* Answer.swift */; };
		B60BD4E12179C61D0044046C /* Lv2Cell.swift in Sources */ = {isa = PBXBuildFile; fileRef = B60BD4DF2179C61D0044046C /* Lv2Cell.swift */; };
		B60BD4E22179C61D0044046C /* Lv2Cell.xib in Resources */ = {isa = PBXBuildFile; fileRef = B60BD4E02179C61D0044046C /* Lv2Cell.xib */; };
		B60BD4E62179CAC70044046C /* Lv3ViewController.swift in Sources */ = {isa = PBXBuildFile; fileRef = B60BD4E52179CAC70044046C /* Lv3ViewController.swift */; };
		B60D75C92176CB5600C2167B /* Global.swift in Sources */ = {isa = PBXBuildFile; fileRef = B60D75C82176CB5600C2167B /* Global.swift */; };
		B60D75CB2176D50800C2167B /* Lv1ViewController.swift in Sources */ = {isa = PBXBuildFile; fileRef = B60D75CA2176D50800C2167B /* Lv1ViewController.swift */; };
		B60D75CF2176EFA200C2167B /* Lv2ViewController.swift in Sources */ = {isa = PBXBuildFile; fileRef = B60D75CE2176EFA200C2167B /* Lv2ViewController.swift */; };
		B60D75D121770E2D00C2167B /* ChartViewController.swift in Sources */ = {isa = PBXBuildFile; fileRef = B60D75D021770E2D00C2167B /* ChartViewController.swift */; };
		B60D75D32177130700C2167B /* ExamplesDefaults.swift in Sources */ = {isa = PBXBuildFile; fileRef = B60D75D22177130700C2167B /* ExamplesDefaults.swift */; };
		B60D75D62178294100C2167B /* Word.swift in Sources */ = {isa = PBXBuildFile; fileRef = B60D75D52178294100C2167B /* Word.swift */; };
		B60D75DC21782F0500C2167B /* Lv1Cell.swift in Sources */ = {isa = PBXBuildFile; fileRef = B60D75DA21782F0500C2167B /* Lv1Cell.swift */; };
		B60D75DD21782F0500C2167B /* Lv1Cell.xib in Resources */ = {isa = PBXBuildFile; fileRef = B60D75DB21782F0500C2167B /* Lv1Cell.xib */; };
		B60D75DF2178328E00C2167B /* libsqlite3.0.tbd in Frameworks */ = {isa = PBXBuildFile; fileRef = B60D75DE2178328E00C2167B /* libsqlite3.0.tbd */; };
		B60D75E12178371000C2167B /* Difficulty.swift in Sources */ = {isa = PBXBuildFile; fileRef = B60D75E02178371000C2167B /* Difficulty.swift */; };
		B60D75E321785C9400C2167B /* Phase.swift in Sources */ = {isa = PBXBuildFile; fileRef = B60D75E221785C9400C2167B /* Phase.swift */; };
		B60D75E62178759100C2167B /* NavigationView.xib in Resources */ = {isa = PBXBuildFile; fileRef = B60D75E52178759100C2167B /* NavigationView.xib */; };
		B60D75E821788B9B00C2167B /* NavigationView.swift in Sources */ = {isa = PBXBuildFile; fileRef = B60D75E721788B9B00C2167B /* NavigationView.swift */; };
		B6771AAE217DC81C00AE377E /* RightChatCell.swift in Sources */ = {isa = PBXBuildFile; fileRef = B6771AAC217DC81C00AE377E /* RightChatCell.swift */; };
		B6771AAF217DC81C00AE377E /* RightChatCell.xib in Resources */ = {isa = PBXBuildFile; fileRef = B6771AAD217DC81C00AE377E /* RightChatCell.xib */; };
		B67CB4A2217D828100FB605D /* QuestionLv3.swift in Sources */ = {isa = PBXBuildFile; fileRef = B67CB4A1217D828100FB605D /* QuestionLv3.swift */; };
		B67CB4A4217D83B200FB605D /* Lv4ViewController.swift in Sources */ = {isa = PBXBuildFile; fileRef = B67CB4A3217D83B200FB605D /* Lv4ViewController.swift */; };
		B67CB4A6217DB36A00FB605D /* micro_active.gif in Resources */ = {isa = PBXBuildFile; fileRef = B67CB4A5217DB36A00FB605D /* micro_active.gif */; };
		B67CB4A9217DBC2300FB605D /* LeftChatCell.swift in Sources */ = {isa = PBXBuildFile; fileRef = B67CB4A7217DBC2300FB605D /* LeftChatCell.swift */; };
		B67CB4AA217DBC2300FB605D /* LeftChatCell.xib in Resources */ = {isa = PBXBuildFile; fileRef = B67CB4A8217DBC2300FB605D /* LeftChatCell.xib */; };
/* End PBXBuildFile section */

/* Begin PBXFileReference section */
		071703A5270288483044973E /* Pods-Englishor.debug.xcconfig */ = {isa = PBXFileReference; includeInIndex = 1; lastKnownFileType = text.xcconfig; name = "Pods-Englishor.debug.xcconfig"; path = "Pods/Target Support Files/Pods-Englishor/Pods-Englishor.debug.xcconfig"; sourceTree = "<group>"; };
		086ABA86217631B900F5FE57 /* ChooseDifficultyViewController.swift */ = {isa = PBXFileReference; lastKnownFileType = sourcecode.swift; path = ChooseDifficultyViewController.swift; sourceTree = "<group>"; };
		086ABA8821763F9800F5FE57 /* StartViewController.swift */ = {isa = PBXFileReference; lastKnownFileType = sourcecode.swift; path = StartViewController.swift; sourceTree = "<group>"; };
		08838DA2217B23B0005D238D /* a.gif */ = {isa = PBXFileReference; lastKnownFileType = image.gif; path = a.gif; sourceTree = "<group>"; };
		08838DA4217B257D005D238D /* burn.gif */ = {isa = PBXFileReference; lastKnownFileType = image.gif; path = burn.gif; sourceTree = "<group>"; };
		08838DA6217B2C23005D238D /* AnswerLv1ViewController.swift */ = {isa = PBXFileReference; lastKnownFileType = sourcecode.swift; path = AnswerLv1ViewController.swift; sourceTree = "<group>"; };
		08838DA9217B2C9F005D238D /* CountdownView.xib */ = {isa = PBXFileReference; lastKnownFileType = file.xib; path = CountdownView.xib; sourceTree = "<group>"; };
		08838DAB217B2D22005D238D /* CountdownView.swift */ = {isa = PBXFileReference; lastKnownFileType = sourcecode.swift; path = CountdownView.swift; sourceTree = "<group>"; };
		088B558C217784A60061FF63 /* DoAnDB.db */ = {isa = PBXFileReference; lastKnownFileType = file; path = DoAnDB.db; sourceTree = "<group>"; };
		08AFD7DC216F92C50096800C /* Englishor.app */ = {isa = PBXFileReference; explicitFileType = wrapper.application; includeInIndex = 0; path = Englishor.app; sourceTree = BUILT_PRODUCTS_DIR; };
		08AFD7DF216F92C50096800C /* AppDelegate.swift */ = {isa = PBXFileReference; lastKnownFileType = sourcecode.swift; path = AppDelegate.swift; sourceTree = "<group>"; };
		08AFD7E4216F92C50096800C /* Base */ = {isa = PBXFileReference; lastKnownFileType = file.storyboard; name = Base; path = Base.lproj/Main.storyboard; sourceTree = "<group>"; };
		08AFD7E6216F92C70096800C /* Assets.xcassets */ = {isa = PBXFileReference; lastKnownFileType = folder.assetcatalog; path = Assets.xcassets; sourceTree = "<group>"; };
		08AFD7E9216F92C70096800C /* Base */ = {isa = PBXFileReference; lastKnownFileType = file.storyboard; name = Base; path = Base.lproj/LaunchScreen.storyboard; sourceTree = "<group>"; };
		08AFD7EB216F92C70096800C /* Info.plist */ = {isa = PBXFileReference; lastKnownFileType = text.plist.xml; path = Info.plist; sourceTree = "<group>"; };
		08B70FCC2174D7CE00649682 /* ChooseTopicViewController.swift */ = {isa = PBXFileReference; lastKnownFileType = sourcecode.swift; path = ChooseTopicViewController.swift; sourceTree = "<group>"; };
		08B70FD92174DE4000649682 /* Topic.swift */ = {isa = PBXFileReference; lastKnownFileType = sourcecode.swift; path = Topic.swift; sourceTree = "<group>"; };
		7C20E9C79B6AD13CDAA56398 /* Pods-Englishor.release.xcconfig */ = {isa = PBXFileReference; includeInIndex = 1; lastKnownFileType = text.xcconfig; name = "Pods-Englishor.release.xcconfig"; path = "Pods/Target Support Files/Pods-Englishor/Pods-Englishor.release.xcconfig"; sourceTree = "<group>"; };
		A8CA825EC59E8DA38C9C5B2E /* Pods_Englishor.framework */ = {isa = PBXFileReference; explicitFileType = wrapper.framework; includeInIndex = 0; path = Pods_Englishor.framework; sourceTree = BUILT_PRODUCTS_DIR; };
		B6067616217EC2250099BA43 /* Lv5ViewController.swift */ = {isa = PBXFileReference; lastKnownFileType = sourcecode.swift; path = Lv5ViewController.swift; sourceTree = "<group>"; };
		B6067618217EC3530099BA43 /* ResultViewController.swift */ = {isa = PBXFileReference; lastKnownFileType = sourcecode.swift; path = ResultViewController.swift; sourceTree = "<group>"; };
		B60BD4D92179C21F0044046C /* QuestionLv2.swift */ = {isa = PBXFileReference; lastKnownFileType = sourcecode.swift; path = QuestionLv2.swift; sourceTree = "<group>"; };
		B60BD4DB2179C3380044046C /* DatabaseManager.swift */ = {isa = PBXFileReference; lastKnownFileType = sourcecode.swift; path = DatabaseManager.swift; sourceTree = "<group>"; };
		B60BD4DD2179C5380044046C /* Answer.swift */ = {isa = PBXFileReference; lastKnownFileType = sourcecode.swift; path = Answer.swift; sourceTree = "<group>"; };
		B60BD4DF2179C61D0044046C /* Lv2Cell.swift */ = {isa = PBXFileReference; lastKnownFileType = sourcecode.swift; path = Lv2Cell.swift; sourceTree = "<group>"; };
		B60BD4E02179C61D0044046C /* Lv2Cell.xib */ = {isa = PBXFileReference; lastKnownFileType = file.xib; path = Lv2Cell.xib; sourceTree = "<group>"; };
		B60BD4E52179CAC70044046C /* Lv3ViewController.swift */ = {isa = PBXFileReference; lastKnownFileType = sourcecode.swift; path = Lv3ViewController.swift; sourceTree = "<group>"; };
		B60D75C82176CB5600C2167B /* Global.swift */ = {isa = PBXFileReference; lastKnownFileType = sourcecode.swift; path = Global.swift; sourceTree = "<group>"; };
		B60D75CA2176D50800C2167B /* Lv1ViewController.swift */ = {isa = PBXFileReference; lastKnownFileType = sourcecode.swift; path = Lv1ViewController.swift; sourceTree = "<group>"; };
		B60D75CE2176EFA200C2167B /* Lv2ViewController.swift */ = {isa = PBXFileReference; lastKnownFileType = sourcecode.swift; path = Lv2ViewController.swift; sourceTree = "<group>"; };
		B60D75D021770E2D00C2167B /* ChartViewController.swift */ = {isa = PBXFileReference; lastKnownFileType = sourcecode.swift; path = ChartViewController.swift; sourceTree = "<group>"; };
		B60D75D22177130700C2167B /* ExamplesDefaults.swift */ = {isa = PBXFileReference; fileEncoding = 4; lastKnownFileType = sourcecode.swift; path = ExamplesDefaults.swift; sourceTree = "<group>"; };
		B60D75D52178294100C2167B /* Word.swift */ = {isa = PBXFileReference; lastKnownFileType = sourcecode.swift; path = Word.swift; sourceTree = "<group>"; };
		B60D75DA21782F0500C2167B /* Lv1Cell.swift */ = {isa = PBXFileReference; lastKnownFileType = sourcecode.swift; path = Lv1Cell.swift; sourceTree = "<group>"; };
		B60D75DB21782F0500C2167B /* Lv1Cell.xib */ = {isa = PBXFileReference; lastKnownFileType = file.xib; path = Lv1Cell.xib; sourceTree = "<group>"; };
		B60D75DE2178328E00C2167B /* libsqlite3.0.tbd */ = {isa = PBXFileReference; lastKnownFileType = "sourcecode.text-based-dylib-definition"; name = libsqlite3.0.tbd; path = usr/lib/libsqlite3.0.tbd; sourceTree = SDKROOT; };
		B60D75E02178371000C2167B /* Difficulty.swift */ = {isa = PBXFileReference; lastKnownFileType = sourcecode.swift; path = Difficulty.swift; sourceTree = "<group>"; };
		B60D75E221785C9400C2167B /* Phase.swift */ = {isa = PBXFileReference; lastKnownFileType = sourcecode.swift; path = Phase.swift; sourceTree = "<group>"; };
		B60D75E52178759100C2167B /* NavigationView.xib */ = {isa = PBXFileReference; lastKnownFileType = file.xib; path = NavigationView.xib; sourceTree = "<group>"; };
		B60D75E721788B9B00C2167B /* NavigationView.swift */ = {isa = PBXFileReference; lastKnownFileType = sourcecode.swift; path = NavigationView.swift; sourceTree = "<group>"; };
		B6771AAC217DC81C00AE377E /* RightChatCell.swift */ = {isa = PBXFileReference; lastKnownFileType = sourcecode.swift; path = RightChatCell.swift; sourceTree = "<group>"; };
		B6771AAD217DC81C00AE377E /* RightChatCell.xib */ = {isa = PBXFileReference; lastKnownFileType = file.xib; path = RightChatCell.xib; sourceTree = "<group>"; };
		B67CB4A1217D828100FB605D /* QuestionLv3.swift */ = {isa = PBXFileReference; lastKnownFileType = sourcecode.swift; path = QuestionLv3.swift; sourceTree = "<group>"; };
		B67CB4A3217D83B200FB605D /* Lv4ViewController.swift */ = {isa = PBXFileReference; lastKnownFileType = sourcecode.swift; path = Lv4ViewController.swift; sourceTree = "<group>"; };
		B67CB4A5217DB36A00FB605D /* micro_active.gif */ = {isa = PBXFileReference; lastKnownFileType = image.gif; path = micro_active.gif; sourceTree = "<group>"; };
		B67CB4A7217DBC2300FB605D /* LeftChatCell.swift */ = {isa = PBXFileReference; lastKnownFileType = sourcecode.swift; path = LeftChatCell.swift; sourceTree = "<group>"; };
		B67CB4A8217DBC2300FB605D /* LeftChatCell.xib */ = {isa = PBXFileReference; lastKnownFileType = file.xib; path = LeftChatCell.xib; sourceTree = "<group>"; };
/* End PBXFileReference section */

/* Begin PBXFrameworksBuildPhase section */
		08AFD7D9216F92C50096800C /* Frameworks */ = {
			isa = PBXFrameworksBuildPhase;
			buildActionMask = 2147483647;
			files = (
				B60D75DF2178328E00C2167B /* libsqlite3.0.tbd in Frameworks */,
				781D99E9462EF381DFA9C263 /* Pods_Englishor.framework in Frameworks */,
			);
			runOnlyForDeploymentPostprocessing = 0;
		};
/* End PBXFrameworksBuildPhase section */

/* Begin PBXGroup section */
		08838DA8217B2C58005D238D /* CountdownView */ = {
			isa = PBXGroup;
			children = (
				08838DA9217B2C9F005D238D /* CountdownView.xib */,
				08838DAB217B2D22005D238D /* CountdownView.swift */,
			);
			path = CountdownView;
			sourceTree = "<group>";
		};
		08AFD7D3216F92C50096800C = {
			isa = PBXGroup;
			children = (
				08AFD7DE216F92C50096800C /* Englishor */,
				08AFD7DD216F92C50096800C /* Products */,
				2A9E673DF9539DD171FC42B3 /* Pods */,
				0F834F16EA8777E98B25D81B /* Frameworks */,
			);
			sourceTree = "<group>";
		};
		08AFD7DD216F92C50096800C /* Products */ = {
			isa = PBXGroup;
			children = (
				08AFD7DC216F92C50096800C /* Englishor.app */,
			);
			name = Products;
			sourceTree = "<group>";
		};
		08AFD7DE216F92C50096800C /* Englishor */ = {
			isa = PBXGroup;
			children = (
				08AFD7E6216F92C70096800C /* Assets.xcassets */,
				08838DA8217B2C58005D238D /* CountdownView */,
				B60D75E42178757300C2167B /* NavigationView */,
				B60D75D921782ED600C2167B /* CustomCell */,
				B60D75D821782EB000C2167B /* Supporting */,
				B60D75D721782E8300C2167B /* Controller */,
				B60D75D42178292E00C2167B /* Model */,
				08AFD7DF216F92C50096800C /* AppDelegate.swift */,
				08AFD7E3216F92C50096800C /* Main.storyboard */,
				08AFD7E8216F92C70096800C /* LaunchScreen.storyboard */,
				08AFD7EB216F92C70096800C /* Info.plist */,
			);
			path = Englishor;
			sourceTree = "<group>";
		};
		0F834F16EA8777E98B25D81B /* Frameworks */ = {
			isa = PBXGroup;
			children = (
				B60D75DE2178328E00C2167B /* libsqlite3.0.tbd */,
				A8CA825EC59E8DA38C9C5B2E /* Pods_Englishor.framework */,
			);
			name = Frameworks;
			sourceTree = "<group>";
		};
		2A9E673DF9539DD171FC42B3 /* Pods */ = {
			isa = PBXGroup;
			children = (
				071703A5270288483044973E /* Pods-Englishor.debug.xcconfig */,
				7C20E9C79B6AD13CDAA56398 /* Pods-Englishor.release.xcconfig */,
			);
			name = Pods;
			sourceTree = "<group>";
		};
		B60D75D42178292E00C2167B /* Model */ = {
			isa = PBXGroup;
			children = (
				08B70FD92174DE4000649682 /* Topic.swift */,
				B60D75D52178294100C2167B /* Word.swift */,
				B60D75E02178371000C2167B /* Difficulty.swift */,
				B60D75E221785C9400C2167B /* Phase.swift */,
				B60BD4D92179C21F0044046C /* QuestionLv2.swift */,
				B67CB4A1217D828100FB605D /* QuestionLv3.swift */,
				B60BD4DB2179C3380044046C /* DatabaseManager.swift */,
				B60BD4DD2179C5380044046C /* Answer.swift */,
			);
			path = Model;
			sourceTree = "<group>";
		};
		B60D75D721782E8300C2167B /* Controller */ = {
			isa = PBXGroup;
			children = (
				08B70FCC2174D7CE00649682 /* ChooseTopicViewController.swift */,
				086ABA86217631B900F5FE57 /* ChooseDifficultyViewController.swift */,
				086ABA8821763F9800F5FE57 /* StartViewController.swift */,
				B60D75CA2176D50800C2167B /* Lv1ViewController.swift */,
				08838DA6217B2C23005D238D /* AnswerLv1ViewController.swift */,
				B60D75CE2176EFA200C2167B /* Lv2ViewController.swift */,
				B60BD4E52179CAC70044046C /* Lv3ViewController.swift */,
				B67CB4A3217D83B200FB605D /* Lv4ViewController.swift */,
				B6067616217EC2250099BA43 /* Lv5ViewController.swift */,
				B6067618217EC3530099BA43 /* ResultViewController.swift */,
				B60D75D021770E2D00C2167B /* ChartViewController.swift */,
			);
			path = Controller;
			sourceTree = "<group>";
		};
		B60D75D821782EB000C2167B /* Supporting */ = {
			isa = PBXGroup;
			children = (
				B60D75C82176CB5600C2167B /* Global.swift */,
				B60D75D22177130700C2167B /* ExamplesDefaults.swift */,
				088B558C217784A60061FF63 /* DoAnDB.db */,
				B67CB4A5217DB36A00FB605D /* micro_active.gif */,
			);
			path = Supporting;
			sourceTree = "<group>";
		};
		B60D75D921782ED600C2167B /* CustomCell */ = {
			isa = PBXGroup;
			children = (
				B60D75DA21782F0500C2167B /* Lv1Cell.swift */,
				B60D75DB21782F0500C2167B /* Lv1Cell.xib */,
				B60BD4DF2179C61D0044046C /* Lv2Cell.swift */,
				B60BD4E02179C61D0044046C /* Lv2Cell.xib */,
				B67CB4A7217DBC2300FB605D /* LeftChatCell.swift */,
				B67CB4A8217DBC2300FB605D /* LeftChatCell.xib */,
				B6771AAC217DC81C00AE377E /* RightChatCell.swift */,
				B6771AAD217DC81C00AE377E /* RightChatCell.xib */,
			);
			path = CustomCell;
			sourceTree = "<group>";
		};
		B60D75E42178757300C2167B /* NavigationView */ = {
			isa = PBXGroup;
			children = (
				B60D75E52178759100C2167B /* NavigationView.xib */,
				B60D75E721788B9B00C2167B /* NavigationView.swift */,
				08838DA2217B23B0005D238D /* a.gif */,
				08838DA4217B257D005D238D /* burn.gif */,
			);
			path = NavigationView;
			sourceTree = "<group>";
		};
/* End PBXGroup section */

/* Begin PBXNativeTarget section */
		08AFD7DB216F92C50096800C /* Englishor */ = {
			isa = PBXNativeTarget;
			buildConfigurationList = 08AFD7EE216F92C70096800C /* Build configuration list for PBXNativeTarget "Englishor" */;
			buildPhases = (
				E7D9921E4DD36B05921BF2FF /* [CP] Check Pods Manifest.lock */,
				08AFD7D8216F92C50096800C /* Sources */,
				08AFD7D9216F92C50096800C /* Frameworks */,
				08AFD7DA216F92C50096800C /* Resources */,
				15D39F262F17F01028050ABB /* [CP] Embed Pods Frameworks */,
			);
			buildRules = (
			);
			dependencies = (
			);
			name = Englishor;
			productName = Englishor;
			productReference = 08AFD7DC216F92C50096800C /* Englishor.app */;
			productType = "com.apple.product-type.application";
		};
/* End PBXNativeTarget section */

/* Begin PBXProject section */
		08AFD7D4216F92C50096800C /* Project object */ = {
			isa = PBXProject;
			attributes = {
				LastSwiftUpdateCheck = 1000;
				LastUpgradeCheck = 1000;
				ORGANIZATIONNAME = "Do Hung";
				TargetAttributes = {
					08AFD7DB216F92C50096800C = {
						CreatedOnToolsVersion = 10.0;
					};
				};
			};
			buildConfigurationList = 08AFD7D7216F92C50096800C /* Build configuration list for PBXProject "Englishor" */;
			compatibilityVersion = "Xcode 9.3";
			developmentRegion = en;
			hasScannedForEncodings = 0;
			knownRegions = (
				en,
				Base,
			);
			mainGroup = 08AFD7D3216F92C50096800C;
			productRefGroup = 08AFD7DD216F92C50096800C /* Products */;
			projectDirPath = "";
			projectRoot = "";
			targets = (
				08AFD7DB216F92C50096800C /* Englishor */,
			);
		};
/* End PBXProject section */

/* Begin PBXResourcesBuildPhase section */
		08AFD7DA216F92C50096800C /* Resources */ = {
			isa = PBXResourcesBuildPhase;
			buildActionMask = 2147483647;
			files = (
				B60D75DD21782F0500C2167B /* Lv1Cell.xib in Resources */,
				08AFD7EA216F92C70096800C /* LaunchScreen.storyboard in Resources */,
				08838DAA217B2C9F005D238D /* CountdownView.xib in Resources */,
				B67CB4A6217DB36A00FB605D /* micro_active.gif in Resources */,
				B67CB4AA217DBC2300FB605D /* LeftChatCell.xib in Resources */,
				08838DA3217B23B0005D238D /* a.gif in Resources */,
				B60D75E62178759100C2167B /* NavigationView.xib in Resources */,
				B60BD4E22179C61D0044046C /* Lv2Cell.xib in Resources */,
				088B558D217784A60061FF63 /* DoAnDB.db in Resources */,
				08AFD7E7216F92C70096800C /* Assets.xcassets in Resources */,
				08838DA5217B257D005D238D /* burn.gif in Resources */,
				B6771AAF217DC81C00AE377E /* RightChatCell.xib in Resources */,
				08AFD7E5216F92C50096800C /* Main.storyboard in Resources */,
			);
			runOnlyForDeploymentPostprocessing = 0;
		};
/* End PBXResourcesBuildPhase section */

/* Begin PBXShellScriptBuildPhase section */
		15D39F262F17F01028050ABB /* [CP] Embed Pods Frameworks */ = {
			isa = PBXShellScriptBuildPhase;
			buildActionMask = 2147483647;
			files = (
			);
			inputPaths = (
				"${SRCROOT}/Pods/Target Support Files/Pods-Englishor/Pods-Englishor-frameworks.sh",
				"${BUILT_PRODUCTS_DIR}/AMPopTip/AMPopTip.framework",
				"${BUILT_PRODUCTS_DIR}/ButtonWheel/ButtonWheel.framework",
				"${BUILT_PRODUCTS_DIR}/CountdownLabel/CountdownLabel.framework",
				"${BUILT_PRODUCTS_DIR}/Floaty/Floaty.framework",
				"${BUILT_PRODUCTS_DIR}/Kingfisher/Kingfisher.framework",
				"${BUILT_PRODUCTS_DIR}/Reusable/Reusable.framework",
				"${BUILT_PRODUCTS_DIR}/SDWebImage/SDWebImage.framework",
				"${BUILT_PRODUCTS_DIR}/SQLite.swift/SQLite.framework",
				"${BUILT_PRODUCTS_DIR}/SwiftCharts/SwiftCharts.framework",
				"${BUILT_PRODUCTS_DIR}/SwiftyButton/SwiftyButton.framework",
				"${BUILT_PRODUCTS_DIR}/UITextField+Shake/UITextField_Shake.framework",
			);
			name = "[CP] Embed Pods Frameworks";
			outputPaths = (
				"${TARGET_BUILD_DIR}/${FRAMEWORKS_FOLDER_PATH}/AMPopTip.framework",
				"${TARGET_BUILD_DIR}/${FRAMEWORKS_FOLDER_PATH}/ButtonWheel.framework",
				"${TARGET_BUILD_DIR}/${FRAMEWORKS_FOLDER_PATH}/CountdownLabel.framework",
				"${TARGET_BUILD_DIR}/${FRAMEWORKS_FOLDER_PATH}/Floaty.framework",
				"${TARGET_BUILD_DIR}/${FRAMEWORKS_FOLDER_PATH}/Kingfisher.framework",
				"${TARGET_BUILD_DIR}/${FRAMEWORKS_FOLDER_PATH}/Reusable.framework",
				"${TARGET_BUILD_DIR}/${FRAMEWORKS_FOLDER_PATH}/SDWebImage.framework",
				"${TARGET_BUILD_DIR}/${FRAMEWORKS_FOLDER_PATH}/SQLite.framework",
				"${TARGET_BUILD_DIR}/${FRAMEWORKS_FOLDER_PATH}/SwiftCharts.framework",
				"${TARGET_BUILD_DIR}/${FRAMEWORKS_FOLDER_PATH}/SwiftyButton.framework",
				"${TARGET_BUILD_DIR}/${FRAMEWORKS_FOLDER_PATH}/UITextField_Shake.framework",
			);
			runOnlyForDeploymentPostprocessing = 0;
			shellPath = /bin/sh;
			shellScript = "\"${SRCROOT}/Pods/Target Support Files/Pods-Englishor/Pods-Englishor-frameworks.sh\"\n";
			showEnvVarsInLog = 0;
		};
		E7D9921E4DD36B05921BF2FF /* [CP] Check Pods Manifest.lock */ = {
			isa = PBXShellScriptBuildPhase;
			buildActionMask = 2147483647;
			files = (
			);
			inputPaths = (
				"${PODS_PODFILE_DIR_PATH}/Podfile.lock",
				"${PODS_ROOT}/Manifest.lock",
			);
			name = "[CP] Check Pods Manifest.lock";
			outputPaths = (
				"$(DERIVED_FILE_DIR)/Pods-Englishor-checkManifestLockResult.txt",
			);
			runOnlyForDeploymentPostprocessing = 0;
			shellPath = /bin/sh;
			shellScript = "diff \"${PODS_PODFILE_DIR_PATH}/Podfile.lock\" \"${PODS_ROOT}/Manifest.lock\" > /dev/null\nif [ $? != 0 ] ; then\n    # print error to STDERR\n    echo \"error: The sandbox is not in sync with the Podfile.lock. Run 'pod install' or update your CocoaPods installation.\" >&2\n    exit 1\nfi\n# This output is used by Xcode 'outputs' to avoid re-running this script phase.\necho \"SUCCESS\" > \"${SCRIPT_OUTPUT_FILE_0}\"\n";
			showEnvVarsInLog = 0;
		};
/* End PBXShellScriptBuildPhase section */

/* Begin PBXSourcesBuildPhase section */
		08AFD7D8216F92C50096800C /* Sources */ = {
			isa = PBXSourcesBuildPhase;
			buildActionMask = 2147483647;
			files = (
				08838DAC217B2D23005D238D /* CountdownView.swift in Sources */,
				086ABA8921763F9800F5FE57 /* StartViewController.swift in Sources */,
				B67CB4A2217D828100FB605D /* QuestionLv3.swift in Sources */,
				08B70FDA2174DE4000649682 /* Topic.swift in Sources */,
				B60D75D32177130700C2167B /* ExamplesDefaults.swift in Sources */,
				B60BD4DE2179C5380044046C /* Answer.swift in Sources */,
				B60D75C92176CB5600C2167B /* Global.swift in Sources */,
				B67CB4A4217D83B200FB605D /* Lv4ViewController.swift in Sources */,
				B60BD4DC2179C3380044046C /* DatabaseManager.swift in Sources */,
				B60BD4E12179C61D0044046C /* Lv2Cell.swift in Sources */,
				086ABA87217631B900F5FE57 /* ChooseDifficultyViewController.swift in Sources */,
				08B70FCD2174D7CE00649682 /* ChooseTopicViewController.swift in Sources */,
				B6067617217EC2250099BA43 /* Lv5ViewController.swift in Sources */,
				B60D75D62178294100C2167B /* Word.swift in Sources */,
				B60D75E821788B9B00C2167B /* NavigationView.swift in Sources */,
				B6771AAE217DC81C00AE377E /* RightChatCell.swift in Sources */,
				B60BD4DA2179C21F0044046C /* QuestionLv2.swift in Sources */,
				B67CB4A9217DBC2300FB605D /* LeftChatCell.swift in Sources */,
				B60D75D121770E2D00C2167B /* ChartViewController.swift in Sources */,
				08838DA7217B2C23005D238D /* AnswerLv1ViewController.swift in Sources */,
				B60D75DC21782F0500C2167B /* Lv1Cell.swift in Sources */,
				B60BD4E62179CAC70044046C /* Lv3ViewController.swift in Sources */,
				B60D75E321785C9400C2167B /* Phase.swift in Sources */,
				B6067619217EC3530099BA43 /* ResultViewController.swift in Sources */,
				B60D75CF2176EFA200C2167B /* Lv2ViewController.swift in Sources */,
				08AFD7E0216F92C50096800C /* AppDelegate.swift in Sources */,
				B60D75CB2176D50800C2167B /* Lv1ViewController.swift in Sources */,
				B60D75E12178371000C2167B /* Difficulty.swift in Sources */,
			);
			runOnlyForDeploymentPostprocessing = 0;
		};
/* End PBXSourcesBuildPhase section */

/* Begin PBXVariantGroup section */
		08AFD7E3216F92C50096800C /* Main.storyboard */ = {
			isa = PBXVariantGroup;
			children = (
				08AFD7E4216F92C50096800C /* Base */,
			);
			name = Main.storyboard;
			sourceTree = "<group>";
		};
		08AFD7E8216F92C70096800C /* LaunchScreen.storyboard */ = {
			isa = PBXVariantGroup;
			children = (
				08AFD7E9216F92C70096800C /* Base */,
			);
			name = LaunchScreen.storyboard;
			sourceTree = "<group>";
		};
/* End PBXVariantGroup section */

/* Begin XCBuildConfiguration section */
		08AFD7EC216F92C70096800C /* Debug */ = {
			isa = XCBuildConfiguration;
			buildSettings = {
				ALWAYS_SEARCH_USER_PATHS = NO;
				CLANG_ANALYZER_NONNULL = YES;
				CLANG_ANALYZER_NUMBER_OBJECT_CONVERSION = YES_AGGRESSIVE;
				CLANG_CXX_LANGUAGE_STANDARD = "gnu++14";
				CLANG_CXX_LIBRARY = "libc++";
				CLANG_ENABLE_MODULES = YES;
				CLANG_ENABLE_OBJC_ARC = YES;
				CLANG_ENABLE_OBJC_WEAK = YES;
				CLANG_WARN_BLOCK_CAPTURE_AUTORELEASING = YES;
				CLANG_WARN_BOOL_CONVERSION = YES;
				CLANG_WARN_COMMA = YES;
				CLANG_WARN_CONSTANT_CONVERSION = YES;
				CLANG_WARN_DEPRECATED_OBJC_IMPLEMENTATIONS = YES;
				CLANG_WARN_DIRECT_OBJC_ISA_USAGE = YES_ERROR;
				CLANG_WARN_DOCUMENTATION_COMMENTS = YES;
				CLANG_WARN_EMPTY_BODY = YES;
				CLANG_WARN_ENUM_CONVERSION = YES;
				CLANG_WARN_INFINITE_RECURSION = YES;
				CLANG_WARN_INT_CONVERSION = YES;
				CLANG_WARN_NON_LITERAL_NULL_CONVERSION = YES;
				CLANG_WARN_OBJC_IMPLICIT_RETAIN_SELF = YES;
				CLANG_WARN_OBJC_LITERAL_CONVERSION = YES;
				CLANG_WARN_OBJC_ROOT_CLASS = YES_ERROR;
				CLANG_WARN_RANGE_LOOP_ANALYSIS = YES;
				CLANG_WARN_STRICT_PROTOTYPES = YES;
				CLANG_WARN_SUSPICIOUS_MOVE = YES;
				CLANG_WARN_UNGUARDED_AVAILABILITY = YES_AGGRESSIVE;
				CLANG_WARN_UNREACHABLE_CODE = YES;
				CLANG_WARN__DUPLICATE_METHOD_MATCH = YES;
				CODE_SIGN_IDENTITY = "iPhone Developer";
				COPY_PHASE_STRIP = NO;
				DEBUG_INFORMATION_FORMAT = dwarf;
				ENABLE_STRICT_OBJC_MSGSEND = YES;
				ENABLE_TESTABILITY = YES;
				GCC_C_LANGUAGE_STANDARD = gnu11;
				GCC_DYNAMIC_NO_PIC = NO;
				GCC_NO_COMMON_BLOCKS = YES;
				GCC_OPTIMIZATION_LEVEL = 0;
				GCC_PREPROCESSOR_DEFINITIONS = (
					"DEBUG=1",
					"$(inherited)",
				);
				GCC_WARN_64_TO_32_BIT_CONVERSION = YES;
				GCC_WARN_ABOUT_RETURN_TYPE = YES_ERROR;
				GCC_WARN_UNDECLARED_SELECTOR = YES;
				GCC_WARN_UNINITIALIZED_AUTOS = YES_AGGRESSIVE;
				GCC_WARN_UNUSED_FUNCTION = YES;
				GCC_WARN_UNUSED_VARIABLE = YES;
				IPHONEOS_DEPLOYMENT_TARGET = 12.0;
				MTL_ENABLE_DEBUG_INFO = INCLUDE_SOURCE;
				MTL_FAST_MATH = YES;
				ONLY_ACTIVE_ARCH = YES;
				SDKROOT = iphoneos;
				SWIFT_ACTIVE_COMPILATION_CONDITIONS = DEBUG;
				SWIFT_OPTIMIZATION_LEVEL = "-Onone";
			};
			name = Debug;
		};
		08AFD7ED216F92C70096800C /* Release */ = {
			isa = XCBuildConfiguration;
			buildSettings = {
				ALWAYS_SEARCH_USER_PATHS = NO;
				CLANG_ANALYZER_NONNULL = YES;
				CLANG_ANALYZER_NUMBER_OBJECT_CONVERSION = YES_AGGRESSIVE;
				CLANG_CXX_LANGUAGE_STANDARD = "gnu++14";
				CLANG_CXX_LIBRARY = "libc++";
				CLANG_ENABLE_MODULES = YES;
				CLANG_ENABLE_OBJC_ARC = YES;
				CLANG_ENABLE_OBJC_WEAK = YES;
				CLANG_WARN_BLOCK_CAPTURE_AUTORELEASING = YES;
				CLANG_WARN_BOOL_CONVERSION = YES;
				CLANG_WARN_COMMA = YES;
				CLANG_WARN_CONSTANT_CONVERSION = YES;
				CLANG_WARN_DEPRECATED_OBJC_IMPLEMENTATIONS = YES;
				CLANG_WARN_DIRECT_OBJC_ISA_USAGE = YES_ERROR;
				CLANG_WARN_DOCUMENTATION_COMMENTS = YES;
				CLANG_WARN_EMPTY_BODY = YES;
				CLANG_WARN_ENUM_CONVERSION = YES;
				CLANG_WARN_INFINITE_RECURSION = YES;
				CLANG_WARN_INT_CONVERSION = YES;
				CLANG_WARN_NON_LITERAL_NULL_CONVERSION = YES;
				CLANG_WARN_OBJC_IMPLICIT_RETAIN_SELF = YES;
				CLANG_WARN_OBJC_LITERAL_CONVERSION = YES;
				CLANG_WARN_OBJC_ROOT_CLASS = YES_ERROR;
				CLANG_WARN_RANGE_LOOP_ANALYSIS = YES;
				CLANG_WARN_STRICT_PROTOTYPES = YES;
				CLANG_WARN_SUSPICIOUS_MOVE = YES;
				CLANG_WARN_UNGUARDED_AVAILABILITY = YES_AGGRESSIVE;
				CLANG_WARN_UNREACHABLE_CODE = YES;
				CLANG_WARN__DUPLICATE_METHOD_MATCH = YES;
				CODE_SIGN_IDENTITY = "iPhone Developer";
				COPY_PHASE_STRIP = NO;
				DEBUG_INFORMATION_FORMAT = "dwarf-with-dsym";
				ENABLE_NS_ASSERTIONS = NO;
				ENABLE_STRICT_OBJC_MSGSEND = YES;
				GCC_C_LANGUAGE_STANDARD = gnu11;
				GCC_NO_COMMON_BLOCKS = YES;
				GCC_WARN_64_TO_32_BIT_CONVERSION = YES;
				GCC_WARN_ABOUT_RETURN_TYPE = YES_ERROR;
				GCC_WARN_UNDECLARED_SELECTOR = YES;
				GCC_WARN_UNINITIALIZED_AUTOS = YES_AGGRESSIVE;
				GCC_WARN_UNUSED_FUNCTION = YES;
				GCC_WARN_UNUSED_VARIABLE = YES;
				IPHONEOS_DEPLOYMENT_TARGET = 12.0;
				MTL_ENABLE_DEBUG_INFO = NO;
				MTL_FAST_MATH = YES;
				SDKROOT = iphoneos;
				SWIFT_COMPILATION_MODE = wholemodule;
				SWIFT_OPTIMIZATION_LEVEL = "-O";
				VALIDATE_PRODUCT = YES;
			};
			name = Release;
		};
		08AFD7EF216F92C70096800C /* Debug */ = {
			isa = XCBuildConfiguration;
			baseConfigurationReference = 071703A5270288483044973E /* Pods-Englishor.debug.xcconfig */;
			buildSettings = {
				ASSETCATALOG_COMPILER_APPICON_NAME = AppIcon;
				CODE_SIGN_STYLE = Automatic;
				DEVELOPMENT_TEAM = VG5JZ5RSZ7;
				INFOPLIST_FILE = Englishor/Info.plist;
				LD_RUNPATH_SEARCH_PATHS = (
					"$(inherited)",
					"@executable_path/Frameworks",
				);
				PRODUCT_BUNDLE_IDENTIFIER = com.Englishor;
				PRODUCT_NAME = "$(TARGET_NAME)";
				SWIFT_VERSION = 4.2;
				TARGETED_DEVICE_FAMILY = "1,2";
			};
			name = Debug;
		};
		08AFD7F0216F92C70096800C /* Release */ = {
			isa = XCBuildConfiguration;
			baseConfigurationReference = 7C20E9C79B6AD13CDAA56398 /* Pods-Englishor.release.xcconfig */;
			buildSettings = {
				ASSETCATALOG_COMPILER_APPICON_NAME = AppIcon;
				CODE_SIGN_STYLE = Automatic;
				DEVELOPMENT_TEAM = VG5JZ5RSZ7;
				INFOPLIST_FILE = Englishor/Info.plist;
				LD_RUNPATH_SEARCH_PATHS = (
					"$(inherited)",
					"@executable_path/Frameworks",
				);
				PRODUCT_BUNDLE_IDENTIFIER = com.Englishor;
				PRODUCT_NAME = "$(TARGET_NAME)";
				SWIFT_VERSION = 4.2;
				TARGETED_DEVICE_FAMILY = "1,2";
			};
			name = Release;
		};
/* End XCBuildConfiguration section */

/* Begin XCConfigurationList section */
		08AFD7D7216F92C50096800C /* Build configuration list for PBXProject "Englishor" */ = {
			isa = XCConfigurationList;
			buildConfigurations = (
				08AFD7EC216F92C70096800C /* Debug */,
				08AFD7ED216F92C70096800C /* Release */,
			);
			defaultConfigurationIsVisible = 0;
			defaultConfigurationName = Release;
		};
		08AFD7EE216F92C70096800C /* Build configuration list for PBXNativeTarget "Englishor" */ = {
			isa = XCConfigurationList;
			buildConfigurations = (
				08AFD7EF216F92C70096800C /* Debug */,
				08AFD7F0216F92C70096800C /* Release */,
			);
			defaultConfigurationIsVisible = 0;
			defaultConfigurationName = Release;
		};
/* End XCConfigurationList section */
	};
	rootObject = 08AFD7D4216F92C50096800C /* Project object */;
}
