// !$*UTF8*$!
{
	archiveVersion = 1;
	classes = {
	};
	objectVersion = 50;
	objects = {

/* Begin PBXBuildFile section */
		086ABA87217631B900F5FE57 /* ChooseDifficultyViewController.swift in Sources */ = {isa = PBXBuildFile; fileRef = 086ABA86217631B900F5FE57 /* ChooseDifficultyViewController.swift */; };
		086ABA8921763F9800F5FE57 /* StartViewController.swift in Sources */ = {isa = PBXBuildFile; fileRef = 086ABA8821763F9800F5FE57 /* StartViewController.swift */; };
		08AFD7E0216F92C50096800C /* AppDelegate.swift in Sources */ = {isa = PBXBuildFile; fileRef = 08AFD7DF216F92C50096800C /* AppDelegate.swift */; };
		08AFD7E5216F92C50096800C /* Main.storyboard in Resources */ = {isa = PBXBuildFile; fileRef = 08AFD7E3216F92C50096800C /* Main.storyboard */; };
		08AFD7E7216F92C70096800C /* Assets.xcassets in Resources */ = {isa = PBXBuildFile; fileRef = 08AFD7E6216F92C70096800C /* Assets.xcassets */; };
		08AFD7EA216F92C70096800C /* LaunchScreen.storyboard in Resources */ = {isa = PBXBuildFile; fileRef = 08AFD7E8216F92C70096800C /* LaunchScreen.storyboard */; };
		08B70FCD2174D7CE00649682 /* ChooseTopicViewController.swift in Sources */ = {isa = PBXBuildFile; fileRef = 08B70FCC2174D7CE00649682 /* ChooseTopicViewController.swift */; };
		08B70FDA2174DE4000649682 /* Topic.swift in Sources */ = {isa = PBXBuildFile; fileRef = 08B70FD92174DE4000649682 /* Topic.swift */; };
		781D99E9462EF381DFA9C263 /* Pods_Englishor.framework in Frameworks */ = {isa = PBXBuildFile; fileRef = A8CA825EC59E8DA38C9C5B2E /* Pods_Englishor.framework */; };
/* End PBXBuildFile section */

/* Begin PBXFileReference section */
		071703A5270288483044973E /* Pods-Englishor.debug.xcconfig */ = {isa = PBXFileReference; includeInIndex = 1; lastKnownFileType = text.xcconfig; name = "Pods-Englishor.debug.xcconfig"; path = "Pods/Target Support Files/Pods-Englishor/Pods-Englishor.debug.xcconfig"; sourceTree = "<group>"; };
		086ABA86217631B900F5FE57 /* ChooseDifficultyViewController.swift */ = {isa = PBXFileReference; lastKnownFileType = sourcecode.swift; path = ChooseDifficultyViewController.swift; sourceTree = "<group>"; };
		086ABA8821763F9800F5FE57 /* StartViewController.swift */ = {isa = PBXFileReference; lastKnownFileType = sourcecode.swift; path = StartViewController.swift; sourceTree = "<group>"; };
		08AFD7DC216F92C50096800C /* Englishor.app */ = {isa = PBXFileReference; explicitFileType = wrapper.application; includeInIndex = 0; path = Englishor.app; sourceTree = BUILT_PRODUCTS_DIR; };
		08AFD7DF216F92C50096800C /* AppDelegate.swift */ = {isa = PBXFileReference; lastKnownFileType = sourcecode.swift; path = AppDelegate.swift; sourceTree = "<group>"; };
		08AFD7E4216F92C50096800C /* Base */ = {isa = PBXFileReference; lastKnownFileType = file.storyboard; name = Base; path = Base.lproj/Main.storyboard; sourceTree = "<group>"; };
		08AFD7E6216F92C70096800C /* Assets.xcassets */ = {isa = PBXFileReference; lastKnownFileType = folder.assetcatalog; path = Assets.xcassets; sourceTree = "<group>"; };
		08AFD7E9216F92C70096800C /* Base */ = {isa = PBXFileReference; lastKnownFileType = file.storyboard; name = Base; path = Base.lproj/LaunchScreen.storyboard; sourceTree = "<group>"; };
		08AFD7EB216F92C70096800C /* Info.plist */ = {isa = PBXFileReference; lastKnownFileType = text.plist.xml; path = Info.plist; sourceTree = "<group>"; };
		08B70FCC2174D7CE00649682 /* ChooseTopicViewController.swift */ = {isa = PBXFileReference; lastKnownFileType = sourcecode.swift; path = ChooseTopicViewController.swift; sourceTree = "<group>"; };
		08B70FD92174DE4000649682 /* Topic.swift */ = {isa = PBXFileReference; lastKnownFileType = sourcecode.swift; path = Topic.swift; sourceTree = "<group>"; };
		7C20E9C79B6AD13CDAA56398 /* Pods-Englishor.release.xcconfig */ = {isa = PBXFileReference; includeInIndex = 1; lastKnownFileType = text.xcconfig; name = "Pods-Englishor.release.xcconfig"; path = "Pods/Target Support Files/Pods-Englishor/Pods-Englishor.release.xcconfig"; sourceTree = "<group>"; };
		A8CA825EC59E8DA38C9C5B2E /* Pods_Englishor.framework */ = {isa = PBXFileReference; explicitFileType = wrapper.framework; includeInIndex = 0; path = Pods_Englishor.framework; sourceTree = BUILT_PRODUCTS_DIR; };
/* End PBXFileReference section */

/* Begin PBXFrameworksBuildPhase section */
		08AFD7D9216F92C50096800C /* Frameworks */ = {
			isa = PBXFrameworksBuildPhase;
			buildActionMask = 2147483647;
			files = (
				781D99E9462EF381DFA9C263 /* Pods_Englishor.framework in Frameworks */,
			);
			runOnlyForDeploymentPostprocessing = 0;
		};
/* End PBXFrameworksBuildPhase section */

/* Begin PBXGroup section */
		08AFD7D3216F92C50096800C = {
			isa = PBXGroup;
			children = (
				08AFD7DE216F92C50096800C /* Englishor */,
				08AFD7DD216F92C50096800C /* Products */,
				2A9E673DF9539DD171FC42B3 /* Pods */,
				0F834F16EA8777E98B25D81B /* Frameworks */,
			);
			sourceTree = "<group>";
		};
		08AFD7DD216F92C50096800C /* Products */ = {
			isa = PBXGroup;
			children = (
				08AFD7DC216F92C50096800C /* Englishor.app */,
			);
			name = Products;
			sourceTree = "<group>";
		};
		08AFD7DE216F92C50096800C /* Englishor */ = {
			isa = PBXGroup;
			children = (
				08AFD7DF216F92C50096800C /* AppDelegate.swift */,
				08B70FD92174DE4000649682 /* Topic.swift */,
				08AFD7E3216F92C50096800C /* Main.storyboard */,
				08AFD7E6216F92C70096800C /* Assets.xcassets */,
				08AFD7E8216F92C70096800C /* LaunchScreen.storyboard */,
				08AFD7EB216F92C70096800C /* Info.plist */,
				08B70FCC2174D7CE00649682 /* ChooseTopicViewController.swift */,
				086ABA86217631B900F5FE57 /* ChooseDifficultyViewController.swift */,
				086ABA8821763F9800F5FE57 /* StartViewController.swift */,
			);
			path = Englishor;
			sourceTree = "<group>";
		};
		0F834F16EA8777E98B25D81B /* Frameworks */ = {
			isa = PBXGroup;
			children = (
				A8CA825EC59E8DA38C9C5B2E /* Pods_Englishor.framework */,
			);
			name = Frameworks;
			sourceTree = "<group>";
		};
		2A9E673DF9539DD171FC42B3 /* Pods */ = {
			isa = PBXGroup;
			children = (
				071703A5270288483044973E /* Pods-Englishor.debug.xcconfig */,
				7C20E9C79B6AD13CDAA56398 /* Pods-Englishor.release.xcconfig */,
			);
			name = Pods;
			sourceTree = "<group>";
		};
/* End PBXGroup section */

/* Begin PBXNativeTarget section */
		08AFD7DB216F92C50096800C /* Englishor */ = {
			isa = PBXNativeTarget;
			buildConfigurationList = 08AFD7EE216F92C70096800C /* Build configuration list for PBXNativeTarget "Englishor" */;
			buildPhases = (
				E7D9921E4DD36B05921BF2FF /* [CP] Check Pods Manifest.lock */,
				08AFD7D8216F92C50096800C /* Sources */,
				08AFD7D9216F92C50096800C /* Frameworks */,
				08AFD7DA216F92C50096800C /* Resources */,
				15D39F262F17F01028050ABB /* [CP] Embed Pods Frameworks */,
			);
			buildRules = (
			);
			dependencies = (
			);
			name = Englishor;
			productName = Englishor;
			productReference = 08AFD7DC216F92C50096800C /* Englishor.app */;
			productType = "com.apple.product-type.application";
		};
/* End PBXNativeTarget section */

/* Begin PBXProject section */
		08AFD7D4216F92C50096800C /* Project object */ = {
			isa = PBXProject;
			attributes = {
				LastSwiftUpdateCheck = 1000;
				LastUpgradeCheck = 1000;
				ORGANIZATIONNAME = "Do Hung";
				TargetAttributes = {
					08AFD7DB216F92C50096800C = {
						CreatedOnToolsVersion = 10.0;
					};
				};
			};
			buildConfigurationList = 08AFD7D7216F92C50096800C /* Build configuration list for PBXProject "Englishor" */;
			compatibilityVersion = "Xcode 9.3";
			developmentRegion = en;
			hasScannedForEncodings = 0;
			knownRegions = (
				en,
				Base,
			);
			mainGroup = 08AFD7D3216F92C50096800C;
			productRefGroup = 08AFD7DD216F92C50096800C /* Products */;
			projectDirPath = "";
			projectRoot = "";
			targets = (
				08AFD7DB216F92C50096800C /* Englishor */,
			);
		};
/* End PBXProject section */

/* Begin PBXResourcesBuildPhase section */
		08AFD7DA216F92C50096800C /* Resources */ = {
			isa = PBXResourcesBuildPhase;
			buildActionMask = 2147483647;
			files = (
				08AFD7EA216F92C70096800C /* LaunchScreen.storyboard in Resources */,
				08AFD7E7216F92C70096800C /* Assets.xcassets in Resources */,
				08AFD7E5216F92C50096800C /* Main.storyboard in Resources */,
			);
			runOnlyForDeploymentPostprocessing = 0;
		};
/* End PBXResourcesBuildPhase section */

/* Begin PBXShellScriptBuildPhase section */
		15D39F262F17F01028050ABB /* [CP] Embed Pods Frameworks */ = {
			isa = PBXShellScriptBuildPhase;
			buildActionMask = 2147483647;
			files = (
			);
			inputPaths = (
				"${SRCROOT}/Pods/Target Support Files/Pods-Englishor/Pods-Englishor-frameworks.sh",
				"${BUILT_PRODUCTS_DIR}/AMPopTip/AMPopTip.framework",
				"${BUILT_PRODUCTS_DIR}/ButtonWheel/ButtonWheel.framework",
				"${BUILT_PRODUCTS_DIR}/CountdownLabel/CountdownLabel.framework",
				"${BUILT_PRODUCTS_DIR}/Floaty/Floaty.framework",
				"${BUILT_PRODUCTS_DIR}/Kingfisher/Kingfisher.framework",
				"${BUILT_PRODUCTS_DIR}/Reusable/Reusable.framework",
				"${BUILT_PRODUCTS_DIR}/SWRevealViewController/SWRevealViewController.framework",
				"${BUILT_PRODUCTS_DIR}/SwiftyButton/SwiftyButton.framework",
				"${BUILT_PRODUCTS_DIR}/TVButton/TVButton.framework",
			);
			name = "[CP] Embed Pods Frameworks";
			outputPaths = (
				"${TARGET_BUILD_DIR}/${FRAMEWORKS_FOLDER_PATH}/AMPopTip.framework",
				"${TARGET_BUILD_DIR}/${FRAMEWORKS_FOLDER_PATH}/ButtonWheel.framework",
				"${TARGET_BUILD_DIR}/${FRAMEWORKS_FOLDER_PATH}/CountdownLabel.framework",
				"${TARGET_BUILD_DIR}/${FRAMEWORKS_FOLDER_PATH}/Floaty.framework",
				"${TARGET_BUILD_DIR}/${FRAMEWORKS_FOLDER_PATH}/Kingfisher.framework",
				"${TARGET_BUILD_DIR}/${FRAMEWORKS_FOLDER_PATH}/Reusable.framework",
				"${TARGET_BUILD_DIR}/${FRAMEWORKS_FOLDER_PATH}/SWRevealViewController.framework",
				"${TARGET_BUILD_DIR}/${FRAMEWORKS_FOLDER_PATH}/SwiftyButton.framework",
				"${TARGET_BUILD_DIR}/${FRAMEWORKS_FOLDER_PATH}/TVButton.framework",
			);
			runOnlyForDeploymentPostprocessing = 0;
			shellPath = /bin/sh;
			shellScript = "\"${SRCROOT}/Pods/Target Support Files/Pods-Englishor/Pods-Englishor-frameworks.sh\"\n";
			showEnvVarsInLog = 0;
		};
		E7D9921E4DD36B05921BF2FF /* [CP] Check Pods Manifest.lock */ = {
			isa = PBXShellScriptBuildPhase;
			buildActionMask = 2147483647;
			files = (
			);
			inputPaths = (
				"${PODS_PODFILE_DIR_PATH}/Podfile.lock",
				"${PODS_ROOT}/Manifest.lock",
			);
			name = "[CP] Check Pods Manifest.lock";
			outputPaths = (
				"$(DERIVED_FILE_DIR)/Pods-Englishor-checkManifestLockResult.txt",
			);
			runOnlyForDeploymentPostprocessing = 0;
			shellPath = /bin/sh;
			shellScript = "diff \"${PODS_PODFILE_DIR_PATH}/Podfile.lock\" \"${PODS_ROOT}/Manifest.lock\" > /dev/null\nif [ $? != 0 ] ; then\n    # print error to STDERR\n    echo \"error: The sandbox is not in sync with the Podfile.lock. Run 'pod install' or update your CocoaPods installation.\" >&2\n    exit 1\nfi\n# This output is used by Xcode 'outputs' to avoid re-running this script phase.\necho \"SUCCESS\" > \"${SCRIPT_OUTPUT_FILE_0}\"\n";
			showEnvVarsInLog = 0;
		};
/* End PBXShellScriptBuildPhase section */

/* Begin PBXSourcesBuildPhase section */
		08AFD7D8216F92C50096800C /* Sources */ = {
			isa = PBXSourcesBuildPhase;
			buildActionMask = 2147483647;
			files = (
				086ABA8921763F9800F5FE57 /* StartViewController.swift in Sources */,
				08B70FDA2174DE4000649682 /* Topic.swift in Sources */,
				086ABA87217631B900F5FE57 /* ChooseDifficultyViewController.swift in Sources */,
				08B70FCD2174D7CE00649682 /* ChooseTopicViewController.swift in Sources */,
				08AFD7E0216F92C50096800C /* AppDelegate.swift in Sources */,
			);
			runOnlyForDeploymentPostprocessing = 0;
		};
/* End PBXSourcesBuildPhase section */

/* Begin PBXVariantGroup section */
		08AFD7E3216F92C50096800C /* Main.storyboard */ = {
			isa = PBXVariantGroup;
			children = (
				08AFD7E4216F92C50096800C /* Base */,
			);
			name = Main.storyboard;
			sourceTree = "<group>";
		};
		08AFD7E8216F92C70096800C /* LaunchScreen.storyboard */ = {
			isa = PBXVariantGroup;
			children = (
				08AFD7E9216F92C70096800C /* Base */,
			);
			name = LaunchScreen.storyboard;
			sourceTree = "<group>";
		};
/* End PBXVariantGroup section */

/* Begin XCBuildConfiguration section */
		08AFD7EC216F92C70096800C /* Debug */ = {
			isa = XCBuildConfiguration;
			buildSettings = {
				ALWAYS_SEARCH_USER_PATHS = NO;
				CLANG_ANALYZER_NONNULL = YES;
				CLANG_ANALYZER_NUMBER_OBJECT_CONVERSION = YES_AGGRESSIVE;
				CLANG_CXX_LANGUAGE_STANDARD = "gnu++14";
				CLANG_CXX_LIBRARY = "libc++";
				CLANG_ENABLE_MODULES = YES;
				CLANG_ENABLE_OBJC_ARC = YES;
				CLANG_ENABLE_OBJC_WEAK = YES;
				CLANG_WARN_BLOCK_CAPTURE_AUTORELEASING = YES;
				CLANG_WARN_BOOL_CONVERSION = YES;
				CLANG_WARN_COMMA = YES;
				CLANG_WARN_CONSTANT_CONVERSION = YES;
				CLANG_WARN_DEPRECATED_OBJC_IMPLEMENTATIONS = YES;
				CLANG_WARN_DIRECT_OBJC_ISA_USAGE = YES_ERROR;
				CLANG_WARN_DOCUMENTATION_COMMENTS = YES;
				CLANG_WARN_EMPTY_BODY = YES;
				CLANG_WARN_ENUM_CONVERSION = YES;
				CLANG_WARN_INFINITE_RECURSION = YES;
				CLANG_WARN_INT_CONVERSION = YES;
				CLANG_WARN_NON_LITERAL_NULL_CONVERSION = YES;
				CLANG_WARN_OBJC_IMPLICIT_RETAIN_SELF = YES;
				CLANG_WARN_OBJC_LITERAL_CONVERSION = YES;
				CLANG_WARN_OBJC_ROOT_CLASS = YES_ERROR;
				CLANG_WARN_RANGE_LOOP_ANALYSIS = YES;
				CLANG_WARN_STRICT_PROTOTYPES = YES;
				CLANG_WARN_SUSPICIOUS_MOVE = YES;
				CLANG_WARN_UNGUARDED_AVAILABILITY = YES_AGGRESSIVE;
				CLANG_WARN_UNREACHABLE_CODE = YES;
				CLANG_WARN__DUPLICATE_METHOD_MATCH = YES;
				CODE_SIGN_IDENTITY = "iPhone Developer";
				COPY_PHASE_STRIP = NO;
				DEBUG_INFORMATION_FORMAT = dwarf;
				ENABLE_STRICT_OBJC_MSGSEND = YES;
				ENABLE_TESTABILITY = YES;
				GCC_C_LANGUAGE_STANDARD = gnu11;
				GCC_DYNAMIC_NO_PIC = NO;
				GCC_NO_COMMON_BLOCKS = YES;
				GCC_OPTIMIZATION_LEVEL = 0;
				GCC_PREPROCESSOR_DEFINITIONS = (
					"DEBUG=1",
					"$(inherited)",
				);
				GCC_WARN_64_TO_32_BIT_CONVERSION = YES;
				GCC_WARN_ABOUT_RETURN_TYPE = YES_ERROR;
				GCC_WARN_UNDECLARED_SELECTOR = YES;
				GCC_WARN_UNINITIALIZED_AUTOS = YES_AGGRESSIVE;
				GCC_WARN_UNUSED_FUNCTION = YES;
				GCC_WARN_UNUSED_VARIABLE = YES;
				IPHONEOS_DEPLOYMENT_TARGET = 12.0;
				MTL_ENABLE_DEBUG_INFO = INCLUDE_SOURCE;
				MTL_FAST_MATH = YES;
				ONLY_ACTIVE_ARCH = YES;
				SDKROOT = iphoneos;
				SWIFT_ACTIVE_COMPILATION_CONDITIONS = DEBUG;
				SWIFT_OPTIMIZATION_LEVEL = "-Onone";
			};
			name = Debug;
		};
		08AFD7ED216F92C70096800C /* Release */ = {
			isa = XCBuildConfiguration;
			buildSettings = {
				ALWAYS_SEARCH_USER_PATHS = NO;
				CLANG_ANALYZER_NONNULL = YES;
				CLANG_ANALYZER_NUMBER_OBJECT_CONVERSION = YES_AGGRESSIVE;
				CLANG_CXX_LANGUAGE_STANDARD = "gnu++14";
				CLANG_CXX_LIBRARY = "libc++";
				CLANG_ENABLE_MODULES = YES;
				CLANG_ENABLE_OBJC_ARC = YES;
				CLANG_ENABLE_OBJC_WEAK = YES;
				CLANG_WARN_BLOCK_CAPTURE_AUTORELEASING = YES;
				CLANG_WARN_BOOL_CONVERSION = YES;
				CLANG_WARN_COMMA = YES;
				CLANG_WARN_CONSTANT_CONVERSION = YES;
				CLANG_WARN_DEPRECATED_OBJC_IMPLEMENTATIONS = YES;
				CLANG_WARN_DIRECT_OBJC_ISA_USAGE = YES_ERROR;
				CLANG_WARN_DOCUMENTATION_COMMENTS = YES;
				CLANG_WARN_EMPTY_BODY = YES;
				CLANG_WARN_ENUM_CONVERSION = YES;
				CLANG_WARN_INFINITE_RECURSION = YES;
				CLANG_WARN_INT_CONVERSION = YES;
				CLANG_WARN_NON_LITERAL_NULL_CONVERSION = YES;
				CLANG_WARN_OBJC_IMPLICIT_RETAIN_SELF = YES;
				CLANG_WARN_OBJC_LITERAL_CONVERSION = YES;
				CLANG_WARN_OBJC_ROOT_CLASS = YES_ERROR;
				CLANG_WARN_RANGE_LOOP_ANALYSIS = YES;
				CLANG_WARN_STRICT_PROTOTYPES = YES;
				CLANG_WARN_SUSPICIOUS_MOVE = YES;
				CLANG_WARN_UNGUARDED_AVAILABILITY = YES_AGGRESSIVE;
				CLANG_WARN_UNREACHABLE_CODE = YES;
				CLANG_WARN__DUPLICATE_METHOD_MATCH = YES;
				CODE_SIGN_IDENTITY = "iPhone Developer";
				COPY_PHASE_STRIP = NO;
				DEBUG_INFORMATION_FORMAT = "dwarf-with-dsym";
				ENABLE_NS_ASSERTIONS = NO;
				ENABLE_STRICT_OBJC_MSGSEND = YES;
				GCC_C_LANGUAGE_STANDARD = gnu11;
				GCC_NO_COMMON_BLOCKS = YES;
				GCC_WARN_64_TO_32_BIT_CONVERSION = YES;
				GCC_WARN_ABOUT_RETURN_TYPE = YES_ERROR;
				GCC_WARN_UNDECLARED_SELECTOR = YES;
				GCC_WARN_UNINITIALIZED_AUTOS = YES_AGGRESSIVE;
				GCC_WARN_UNUSED_FUNCTION = YES;
				GCC_WARN_UNUSED_VARIABLE = YES;
				IPHONEOS_DEPLOYMENT_TARGET = 12.0;
				MTL_ENABLE_DEBUG_INFO = NO;
				MTL_FAST_MATH = YES;
				SDKROOT = iphoneos;
				SWIFT_COMPILATION_MODE = wholemodule;
				SWIFT_OPTIMIZATION_LEVEL = "-O";
				VALIDATE_PRODUCT = YES;
			};
			name = Release;
		};
		08AFD7EF216F92C70096800C /* Debug */ = {
			isa = XCBuildConfiguration;
			baseConfigurationReference = 071703A5270288483044973E /* Pods-Englishor.debug.xcconfig */;
			buildSettings = {
				ASSETCATALOG_COMPILER_APPICON_NAME = AppIcon;
				CODE_SIGN_STYLE = Automatic;
				DEVELOPMENT_TEAM = VG5JZ5RSZ7;
				INFOPLIST_FILE = Englishor/Info.plist;
				LD_RUNPATH_SEARCH_PATHS = (
					"$(inherited)",
					"@executable_path/Frameworks",
				);
				PRODUCT_BUNDLE_IDENTIFIER = com.Englishor;
				PRODUCT_NAME = "$(TARGET_NAME)";
				SWIFT_VERSION = 4.2;
				TARGETED_DEVICE_FAMILY = "1,2";
			};
			name = Debug;
		};
		08AFD7F0216F92C70096800C /* Release */ = {
			isa = XCBuildConfiguration;
			baseConfigurationReference = 7C20E9C79B6AD13CDAA56398 /* Pods-Englishor.release.xcconfig */;
			buildSettings = {
				ASSETCATALOG_COMPILER_APPICON_NAME = AppIcon;
				CODE_SIGN_STYLE = Automatic;
				DEVELOPMENT_TEAM = VG5JZ5RSZ7;
				INFOPLIST_FILE = Englishor/Info.plist;
				LD_RUNPATH_SEARCH_PATHS = (
					"$(inherited)",
					"@executable_path/Frameworks",
				);
				PRODUCT_BUNDLE_IDENTIFIER = com.Englishor;
				PRODUCT_NAME = "$(TARGET_NAME)";
				SWIFT_VERSION = 4.2;
				TARGETED_DEVICE_FAMILY = "1,2";
			};
			name = Release;
		};
/* End XCBuildConfiguration section */

/* Begin XCConfigurationList section */
		08AFD7D7216F92C50096800C /* Build configuration list for PBXProject "Englishor" */ = {
			isa = XCConfigurationList;
			buildConfigurations = (
				08AFD7EC216F92C70096800C /* Debug */,
				08AFD7ED216F92C70096800C /* Release */,
			);
			defaultConfigurationIsVisible = 0;
			defaultConfigurationName = Release;
		};
		08AFD7EE216F92C70096800C /* Build configuration list for PBXNativeTarget "Englishor" */ = {
			isa = XCConfigurationList;
			buildConfigurations = (
				08AFD7EF216F92C70096800C /* Debug */,
				08AFD7F0216F92C70096800C /* Release */,
			);
			defaultConfigurationIsVisible = 0;
			defaultConfigurationName = Release;
		};
/* End XCConfigurationList section */
	};
	rootObject = 08AFD7D4216F92C50096800C /* Project object */;
}
